{
    "_readme": [
        "This file locks the dependencies of your project to a known state",
        "Read more about it at https://getcomposer.org/doc/01-basic-usage.md#composer-lock-the-lock-file",
        "This file is @generated automatically"
    ],
    "content-hash": "f8576abf288108afcfc8d43ddd8944c5",
    "packages": [
        {
            "name": "mollie/mollie-api-php",
            "version": "v1.9.2",
            "source": {
                "type": "git",
                "url": "https://github.com/mollie/mollie-api-php.git",
                "reference": "63a1b5c2b17f72240114556d7e35b367747e221b"
            },
            "dist": {
                "type": "zip",
                "url": "https://api.github.com/repos/mollie/mollie-api-php/zipball/63a1b5c2b17f72240114556d7e35b367747e221b",
                "reference": "63a1b5c2b17f72240114556d7e35b367747e221b",
                "shasum": ""
            },
            "require": {
                "ext-curl": "*",
                "ext-openssl": "*",
                "php": ">=5.2"
            },
            "require-dev": {
                "phpunit/phpunit": "^3.7 || ^4.8 || ^5.4"
            },
            "suggest": {
                "mollie/oauth2-mollie-php": "Use OAuth to authenticate with the Mollie API. This is needed for some endpoints. Visit https://mollie.com/en/docs for more information."
            },
            "type": "library",
            "autoload": {
                "psr-0": {
                    "Mollie": "src/"
                }
            },
            "notification-url": "https://packagist.org/downloads/",
            "license": [
                "BSD-2-Clause"
            ],
            "authors": [
                {
                    "name": "Mollie B.V.",
                    "email": "info@mollie.com"
                }
            ],
            "description": "Mollie API client library for PHP",
            "homepage": "https://github.com/mollie/mollie-api-php",
            "keywords": [
                "CBC",
                "api",
                "bancontact",
                "banktransfer",
                "belfius",
                "belfius direct net",
                "bitcoin",
                "charges",
                "creditcard",
                "direct debit",
                "gateway",
                "ideal",
                "kbc",
                "mistercash",
                "mollie",
                "payment",
                "payments",
                "paypal",
                "paysafecard",
                "podiumcadeaukaart",
                "recurring",
                "refunds",
                "sepa",
                "service",
                "sofort",
                "sofortbanking",
                "subscriptions"
            ],
            "time": "2017-02-24T08:13:42+00:00"
        }
    ],
    "packages-dev": [],
    "aliases": [],
    "minimum-stability": "stable",
    "stability-flags": [],
    "prefer-stable": false,
    "prefer-lowest": false,
    "platform": [],
    "platform-dev": []
}
